<Solution>
  <Folder Name="/src/">
    <Project Path="src/Qmd.Cli/Qmd.Cli.csproj" />
    <Project Path="src/Qmd.Core/Qmd.Core.csproj" />
  </Folder>
  <Folder Name="/tests/">
    <Project Path="tests/Qmd.Cli.Tests/Qmd.Cli.Tests.csproj" />
    <Project Path="tests/Qmd.Core.Tests/Qmd.Core.Tests.csproj" />
  </Folder>
</Solution>
